<?xml version="1.0" encoding="utf-8"?>
<Project ToolsVersion="4.0" xmlns="http://schemas.microsoft.com/developer/msbuild/2003">
  <ItemGroup>
    <Filter Include="Quelldateien">
      <UniqueIdentifier>{4FC737F1-C7A5-4376-A066-2A32D752A2FF}</UniqueIdentifier>
      <Extensions>cpp;c;cc;cxx;def;odl;idl;hpj;bat;asm;asmx</Extensions>
    </Filter>
    <Filter Include="Headerdateien">
      <UniqueIdentifier>{93995380-89BD-4b04-88EB-625FBE52EBFB}</UniqueIdentifier>
      <Extensions>h;hpp;hxx;hm;inl;inc;xsd</Extensions>
    </Filter>
    <Filter Include="Ressourcendateien">
      <UniqueIdentifier>{67DA6AB6-F800-4c08-8B7A-83BB121AAD01}</UniqueIdentifier>
      <Extensions>rc;ico;cur;bmp;dlg;rc2;rct;bin;rgs;gif;jpg;jpeg;jpe;resx;tiff;tif;png;wav;mfcribbon-ms</Extensions>
    </Filter>
  </ItemGroup>
  <ItemGroup>
    <None Include="ReadMe.txt" />
  </ItemGroup>
  <ItemGroup>
    <ClInclude Include="stdafx.h">
      <Filter>Headerdateien</Filter>
    </ClInclude>
    <ClInclude Include="targetver.h">
      <Filter>Headerdateien</Filter>
    </ClInclude>
    <ClInclude Include="fftw3.h">
      <Filter>Headerdateien</Filter>
    </ClInclude>
    <ClInclude Include="project_interface_define.h">
      <Filter>Headerdateien</Filter>
    </ClInclude>
    <ClInclude Include="project_system_define.h">
      <Filter>Headerdateien</Filter>
    </ClInclude>
    <ClInclude Include="sis3316_root_gui_flash.h">
      <Filter>Headerdateien</Filter>
    </ClInclude>
    <ClInclude Include="sis3316_root_gui_test1.h">
      <Filter>Headerdateien</Filter>
    </ClInclude>
    <ClInclude Include="..\..\..\..\libraries_and_includes\sis_vme_master_class_lib\sis3153ETH_vme_class.h">
      <Filter>Headerdateien</Filter>
    </ClInclude>
    <ClInclude Include="..\..\..\..\libraries_and_includes\sis_vme_master_class_lib\sis3316_ethernet_access_class.h">
      <Filter>Headerdateien</Filter>
    </ClInclude>
    <ClInclude Include="..\..\..\..\libraries_and_includes\sis_vme_master_class_lib\vme_interface_class.h">
      <Filter>Headerdateien</Filter>
    </ClInclude>
    <ClInclude Include="..\..\..\..\libraries_and_includes\sis3316_class_library\sis3316_class.h">
      <Filter>Headerdateien</Filter>
    </ClInclude>
    <ClInclude Include="..\..\..\..\libraries_and_includes\sis3316_header\sis3316.h">
      <Filter>Headerdateien</Filter>
    </ClInclude>
    <ClInclude Include="get_configuration_parameters.h">
      <Filter>Headerdateien</Filter>
    </ClInclude>
    <ClInclude Include="..\..\..\..\libraries_and_includes\sis_cern_root_library\rootIncludes.h">
      <Filter>Headerdateien</Filter>
    </ClInclude>
  </ItemGroup>
  <ItemGroup>
    <ClCompile Include="stdafx.cpp">
      <Filter>Quelldateien</Filter>
    </ClCompile>
    <ClCompile Include="sis3316_root_gui_flash.cpp">
      <Filter>Quelldateien</Filter>
    </ClCompile>
    <ClCompile Include="sis3316_root_gui_main.cpp">
      <Filter>Quelldateien</Filter>
    </ClCompile>
    <ClCompile Include="sis3316_root_gui_test1.cpp">
      <Filter>Quelldateien</Filter>
    </ClCompile>
    <ClCompile Include="..\..\..\..\libraries_and_includes\sis_vme_master_class_lib\sis3153ETH_vme_class.cpp">
      <Filter>Quelldateien</Filter>
    </ClCompile>
    <ClCompile Include="..\..\..\..\libraries_and_includes\sis_vme_master_class_lib\sis3316_ethernet_access_class.cpp">
      <Filter>Quelldateien</Filter>
    </ClCompile>
    <ClCompile Include="..\..\..\..\libraries_and_includes\sis3316_class_library\sis3316_class.cpp">
      <Filter>Quelldateien</Filter>
    </ClCompile>
    <ClCompile Include="get_configuration_parameters.cpp">
      <Filter>Quelldateien</Filter>
    </ClCompile>
  </ItemGroup>
  <ItemGroup>
    <Library Include="libfftw3-3.lib" />
  </ItemGroup>
</Project>